
Microsoft Visual Studio Solution File, Format Version 12.00
# Visual Studio Version 17
VisualStudioVersion = 17.1.32319.34
MinimumVisualStudioVersion = 10.0.40219.1
Project("{FAE04EC0-301F-11D3-BF4B-00C04F79EFBC}") = "Threads", "Threads\Threads.csproj", "{45359CF5-15A1-402D-891A-07BCABDF495E}"
EndProject
Global
	GlobalSection(SolutionConfigurationPlatforms) = preSolution
		Debug|Any CPU = Debug|Any CPU
		Debug|x64 = Debug|x64
		Release|Any CPU = Release|Any CPU
		Release|x64 = Release|x64
	EndGlobalSection
	GlobalSection(ProjectConfigurationPlatforms) = postSolution
		{45359CF5-15A1-402D-891A-07BCABDF495E}.Debug|Any CPU.ActiveCfg = Debug|Any CPU
		{45359CF5-15A1-402D-891A-07BCABDF495E}.Debug|Any CPU.Build.0 = Debug|Any CPU
		{45359CF5-15A1-402D-891A-07BCABDF495E}.Debug|x64.ActiveCfg = Debug|x64
		{45359CF5-15A1-402D-891A-07BCABDF495E}.Debug|x64.Build.0 = Debug|x64
		{45359CF5-15A1-402D-891A-07BCABDF495E}.Release|Any CPU.ActiveCfg = Release|Any CPU
		{45359CF5-15A1-402D-891A-07BCABDF495E}.Release|Any CPU.Build.0 = Release|Any CPU
		{45359CF5-15A1-402D-891A-07BCABDF495E}.Release|x64.ActiveCfg = Release|x64
		{45359CF5-15A1-402D-891A-07BCABDF495E}.Release|x64.Build.0 = Release|x64
	EndGlobalSection
	GlobalSection(SolutionProperties) = preSolution
		HideSolutionNode = FALSE
	EndGlobalSection
	GlobalSection(ExtensibilityGlobals) = postSolution
		SolutionGuid = {480D402B-9400-4CD4-BC0F-2C675D740DD0}
	EndGlobalSection
EndGlobal
